// !$*UTF8*$!
{
	archiveVersion = 1;
	classes = {
	};
	objectVersion = 77;
	objects = {

/* Begin PBXContainerItemProxy section */
		2A6A15772E43959600C57208 /* PBXContainerItemProxy */ = {
			isa = PBXContainerItemProxy;
			containerPortal = 2A6A15612E43959100C57208 /* Project object */;
			proxyType = 1;
			remoteGlobalIDString = 2A6A15682E43959100C57208;
			remoteInfo = "SmartCityExploration-glevy";
		};
		2A6A15812E43959700C57208 /* PBXContainerItemProxy */ = {
			isa = PBXContainerItemProxy;
			containerPortal = 2A6A15612E43959100C57208 /* Project object */;
			proxyType = 1;
			remoteGlobalIDString = 2A6A15682E43959100C57208;
			remoteInfo = "SmartCityExploration-glevy";
		};
/* End PBXContainerItemProxy section */

/* Begin PBXFileReference section */
		2A6A15692E43959100C57208 /* SmartCityExploration-glevy.app */ = {isa = PBXFileReference; explicitFileType = wrapper.application; includeInIndex = 0; path = "SmartCityExploration-glevy.app"; sourceTree = BUILT_PRODUCTS_DIR; };
		2A6A15762E43959600C57208 /* SmartCityExploration-glevyTests.xctest */ = {isa = PBXFileReference; explicitFileType = wrapper.cfbundle; includeInIndex = 0; path = "SmartCityExploration-glevyTests.xctest"; sourceTree = BUILT_PRODUCTS_DIR; };
		2A6A15802E43959700C57208 /* SmartCityExploration-glevyUITests.xctest */ = {isa = PBXFileReference; explicitFileType = wrapper.cfbundle; includeInIndex = 0; path = "SmartCityExploration-glevyUITests.xctest"; sourceTree = BUILT_PRODUCTS_DIR; };
/* End PBXFileReference section */

/* Begin PBXFileSystemSynchronizedRootGroup section */
		2A6A15792E43959600C57208 /* SmartCityExploration-glevyTests */ = {
			isa = PBXFileSystemSynchronizedRootGroup;
			path = "SmartCityExploration-glevyTests";
			sourceTree = "<group>";
		};
		2A6A15832E43959700C57208 /* SmartCityExploration-glevyUITests */ = {
			isa = PBXFileSystemSynchronizedRootGroup;
			path = "SmartCityExploration-glevyUITests";
			sourceTree = "<group>";
		};
		2AFB1C462E4A7CA2002304B3 /* SmartCityExploration-glevy */ = {
			isa = PBXFileSystemSynchronizedRootGroup;
			path = "SmartCityExploration-glevy";
			sourceTree = "<group>";
		};
/* End PBXFileSystemSynchronizedRootGroup section */

/* Begin PBXFrameworksBuildPhase section */
		2A6A15662E43959100C57208 /* Frameworks */ = {
			isa = PBXFrameworksBuildPhase;
			buildActionMask = 2147483647;
			files = (
			);
			runOnlyForDeploymentPostprocessing = 0;
		};
		2A6A15732E43959600C57208 /* Frameworks */ = {
			isa = PBXFrameworksBuildPhase;
			buildActionMask = 2147483647;
			files = (
			);
			runOnlyForDeploymentPostprocessing = 0;
		};
		2A6A157D2E43959700C57208 /* Frameworks */ = {
			isa = PBXFrameworksBuildPhase;
			buildActionMask = 2147483647;
			files = (
			);
			runOnlyForDeploymentPostprocessing = 0;
		};
/* End PBXFrameworksBuildPhase section */

/* Begin PBXGroup section */
		2A6A15602E43959100C57208 = {
			isa = PBXGroup;
			children = (
				2AFB1C462E4A7CA2002304B3 /* SmartCityExploration-glevy */,
				2A6A15792E43959600C57208 /* SmartCityExploration-glevyTests */,
				2A6A15832E43959700C57208 /* SmartCityExploration-glevyUITests */,
				2A6A156A2E43959100C57208 /* Products */,
			);
			sourceTree = "<group>";
		};
		2A6A156A2E43959100C57208 /* Products */ = {
			isa = PBXGroup;
			children = (
				2A6A15692E43959100C57208 /* SmartCityExploration-glevy.app */,
				2A6A15762E43959600C57208 /* SmartCityExploration-glevyTests.xctest */,
				2A6A15802E43959700C57208 /* SmartCityExploration-glevyUITests.xctest */,
			);
			name = Products;
			sourceTree = "<group>";
		};
/* End PBXGroup section */

/* Begin PBXNativeTarget section */
		2A6A15682E43959100C57208 /* SmartCityExploration-glevy */ = {
			isa = PBXNativeTarget;
			buildConfigurationList = 2A6A158A2E43959700C57208 /* Build configuration list for PBXNativeTarget "SmartCityExploration-glevy" */;
			buildPhases = (
				2A6A15652E43959100C57208 /* Sources */,
				2A6A15662E43959100C57208 /* Frameworks */,
				2A6A15672E43959100C57208 /* Resources */,
			);
			buildRules = (
			);
			dependencies = (
			);
			fileSystemSynchronizedGroups = (
				2AFB1C462E4A7CA2002304B3 /* SmartCityExploration-glevy */,
			);
			name = "SmartCityExploration-glevy";
			packageProductDependencies = (
			);
			productName = "SmartCityExploration-glevy";
			productReference = 2A6A15692E43959100C57208 /* SmartCityExploration-glevy.app */;
			productType = "com.apple.product-type.application";
		};
		2A6A15752E43959600C57208 /* SmartCityExploration-glevyTests */ = {
			isa = PBXNativeTarget;
			buildConfigurationList = 2A6A158D2E43959700C57208 /* Build configuration list for PBXNativeTarget "SmartCityExploration-glevyTests" */;
			buildPhases = (
				2A6A15722E43959600C57208 /* Sources */,
				2A6A15732E43959600C57208 /* Frameworks */,
				2A6A15742E43959600C57208 /* Resources */,
			);
			buildRules = (
			);
			dependencies = (
				2A6A15782E43959600C57208 /* PBXTargetDependency */,
			);
			fileSystemSynchronizedGroups = (
				2A6A15792E43959600C57208 /* SmartCityExploration-glevyTests */,
			);
			name = "SmartCityExploration-glevyTests";
			packageProductDependencies = (
			);
			productName = "SmartCityExploration-glevyTests";
			productReference = 2A6A15762E43959600C57208 /* SmartCityExploration-glevyTests.xctest */;
			productType = "com.apple.product-type.bundle.unit-test";
		};
		2A6A157F2E43959700C57208 /* SmartCityExploration-glevyUITests */ = {
			isa = PBXNativeTarget;
			buildConfigurationList = 2A6A15902E43959700C57208 /* Build configuration list for PBXNativeTarget "SmartCityExploration-glevyUITests" */;
			buildPhases = (
				2A6A157C2E43959700C57208 /* Sources */,
				2A6A157D2E43959700C57208 /* Frameworks */,
				2A6A157E2E43959700C57208 /* Resources */,
			);
			buildRules = (
			);
			dependencies = (
				2A6A15822E43959700C57208 /* PBXTargetDependency */,
			);
			fileSystemSynchronizedGroups = (
				2A6A15832E43959700C57208 /* SmartCityExploration-glevyUITests */,
			);
			name = "SmartCityExploration-glevyUITests";
			packageProductDependencies = (
			);
			productName = "SmartCityExploration-glevyUITests";
			productReference = 2A6A15802E43959700C57208 /* SmartCityExploration-glevyUITests.xctest */;
			productType = "com.apple.product-type.bundle.ui-testing";
		};
/* End PBXNativeTarget section */

/* Begin PBXProject section */
		2A6A15612E43959100C57208 /* Project object */ = {
			isa = PBXProject;
			attributes = {
				BuildIndependentTargetsInParallel = 1;
				LastSwiftUpdateCheck = 1640;
				LastUpgradeCheck = 1640;
				TargetAttributes = {
					2A6A15682E43959100C57208 = {
						CreatedOnToolsVersion = 16.4;
					};
					2A6A15752E43959600C57208 = {
						CreatedOnToolsVersion = 16.4;
						TestTargetID = 2A6A15682E43959100C57208;
					};
					2A6A157F2E43959700C57208 = {
						CreatedOnToolsVersion = 16.4;
						TestTargetID = 2A6A15682E43959100C57208;
					};
				};
			};
			buildConfigurationList = 2A6A15642E43959100C57208 /* Build configuration list for PBXProject "SmartCityExploration-glevy" */;
			developmentRegion = en;
			hasScannedForEncodings = 0;
			knownRegions = (
				en,
				Base,
			);
			mainGroup = 2A6A15602E43959100C57208;
			minimizedProjectReferenceProxies = 1;
			preferredProjectObjectVersion = 77;
			productRefGroup = 2A6A156A2E43959100C57208 /* Products */;
			projectDirPath = "";
			projectRoot = "";
			targets = (
				2A6A15682E43959100C57208 /* SmartCityExploration-glevy */,
				2A6A15752E43959600C57208 /* SmartCityExploration-glevyTests */,
				2A6A157F2E43959700C57208 /* SmartCityExploration-glevyUITests */,
			);
		};
/* End PBXProject section */

/* Begin PBXResourcesBuildPhase section */
		2A6A15672E43959100C57208 /* Resources */ = {
			isa = PBXResourcesBuildPhase;
			buildActionMask = 2147483647;
			files = (
			);
			runOnlyForDeploymentPostprocessing = 0;
		};
		2A6A15742E43959600C57208 /* Resources */ = {
			isa = PBXResourcesBuildPhase;
			buildActionMask = 2147483647;
			files = (
			);
			runOnlyForDeploymentPostprocessing = 0;
		};
		2A6A157E2E43959700C57208 /* Resources */ = {
			isa = PBXResourcesBuildPhase;
			buildActionMask = 2147483647;
			files = (
			);
			runOnlyForDeploymentPostprocessing = 0;
		};
/* End PBXResourcesBuildPhase section */

/* Begin PBXSourcesBuildPhase section */
		2A6A15652E43959100C57208 /* Sources */ = {
			isa = PBXSourcesBuildPhase;
			buildActionMask = 2147483647;
			files = (
			);
			runOnlyForDeploymentPostprocessing = 0;
		};
		2A6A15722E43959600C57208 /* Sources */ = {
			isa = PBXSourcesBuildPhase;
			buildActionMask = 2147483647;
			files = (
			);
			runOnlyForDeploymentPostprocessing = 0;
		};
		2A6A157C2E43959700C57208 /* Sources */ = {
			isa = PBXSourcesBuildPhase;
			buildActionMask = 2147483647;
			files = (
			);
			runOnlyForDeploymentPostprocessing = 0;
		};
/* End PBXSourcesBuildPhase section */

/* Begin PBXTargetDependency section */
		2A6A15782E43959600C57208 /* PBXTargetDependency */ = {
			isa = PBXTargetDependency;
			target = 2A6A15682E43959100C57208 /* SmartCityExploration-glevy */;
			targetProxy = 2A6A15772E43959600C57208 /* PBXContainerItemProxy */;
		};
		2A6A15822E43959700C57208 /* PBXTargetDependency */ = {
			isa = PBXTargetDependency;
			target = 2A6A15682E43959100C57208 /* SmartCityExploration-glevy */;
			targetProxy = 2A6A15812E43959700C57208 /* PBXContainerItemProxy */;
		};
/* End PBXTargetDependency section */

/* Begin XCBuildConfiguration section */
		2A6A15882E43959700C57208 /* Debug */ = {
			isa = XCBuildConfiguration;
			buildSettings = {
				ALWAYS_SEARCH_USER_PATHS = NO;
				ASSETCATALOG_COMPILER_GENERATE_SWIFT_ASSET_SYMBOL_EXTENSIONS = YES;
				CLANG_ANALYZER_NONNULL = YES;
				CLANG_ANALYZER_NUMBER_OBJECT_CONVERSION = YES_AGGRESSIVE;
				CLANG_CXX_LANGUAGE_STANDARD = "gnu++20";
				CLANG_ENABLE_MODULES = YES;
				CLANG_ENABLE_OBJC_ARC = YES;
				CLANG_ENABLE_OBJC_WEAK = YES;
				CLANG_WARN_BLOCK_CAPTURE_AUTORELEASING = YES;
				CLANG_WARN_BOOL_CONVERSION = YES;
				CLANG_WARN_COMMA = YES;
				CLANG_WARN_CONSTANT_CONVERSION = YES;
				CLANG_WARN_DEPRECATED_OBJC_IMPLEMENTATIONS = YES;
				CLANG_WARN_DIRECT_OBJC_ISA_USAGE = YES_ERROR;
				CLANG_WARN_DOCUMENTATION_COMMENTS = YES;
				CLANG_WARN_EMPTY_BODY = YES;
				CLANG_WARN_ENUM_CONVERSION = YES;
				CLANG_WARN_INFINITE_RECURSION = YES;
				CLANG_WARN_INT_CONVERSION = YES;
				CLANG_WARN_NON_LITERAL_NULL_CONVERSION = YES;
				CLANG_WARN_OBJC_IMPLICIT_RETAIN_SELF = YES;
				CLANG_WARN_OBJC_LITERAL_CONVERSION = YES;
				CLANG_WARN_OBJC_ROOT_CLASS = YES_ERROR;
				CLANG_WARN_QUOTED_INCLUDE_IN_FRAMEWORK_HEADER = YES;
				CLANG_WARN_RANGE_LOOP_ANALYSIS = YES;
				CLANG_WARN_STRICT_PROTOTYPES = YES;
				CLANG_WARN_SUSPICIOUS_MOVE = YES;
				CLANG_WARN_UNGUARDED_AVAILABILITY = YES_AGGRESSIVE;
				CLANG_WARN_UNREACHABLE_CODE = YES;
				CLANG_WARN__DUPLICATE_METHOD_MATCH = YES;
				COPY_PHASE_STRIP = NO;
				DEBUG_INFORMATION_FORMAT = dwarf;
				ENABLE_STRICT_OBJC_MSGSEND = YES;
				ENABLE_TESTABILITY = YES;
				ENABLE_USER_SCRIPT_SANDBOXING = YES;
				GCC_C_LANGUAGE_STANDARD = gnu17;
				GCC_DYNAMIC_NO_PIC = NO;
				GCC_NO_COMMON_BLOCKS = YES;
				GCC_OPTIMIZATION_LEVEL = 0;
				GCC_PREPROCESSOR_DEFINITIONS = (
					"DEBUG=1",
					"$(inherited)",
				);
				GCC_WARN_64_TO_32_BIT_CONVERSION = YES;
				GCC_WARN_ABOUT_RETURN_TYPE = YES_ERROR;
				GCC_WARN_UNDECLARED_SELECTOR = YES;
				GCC_WARN_UNINITIALIZED_AUTOS = YES_AGGRESSIVE;
				GCC_WARN_UNUSED_FUNCTION = YES;
				GCC_WARN_UNUSED_VARIABLE = YES;
				IPHONEOS_DEPLOYMENT_TARGET = 18.5;
				LOCALIZATION_PREFERS_STRING_CATALOGS = YES;
				MTL_ENABLE_DEBUG_INFO = INCLUDE_SOURCE;
				MTL_FAST_MATH = YES;
				ONLY_ACTIVE_ARCH = YES;
				SDKROOT = iphoneos;
				SWIFT_ACTIVE_COMPILATION_CONDITIONS = "DEBUG $(inherited)";
				SWIFT_OPTIMIZATION_LEVEL = "-Onone";
			};
			name = Debug;
		};
		2A6A15892E43959700C57208 /* Release */ = {
			isa = XCBuildConfiguration;
			buildSettings = {
				ALWAYS_SEARCH_USER_PATHS = NO;
				ASSETCATALOG_COMPILER_GENERATE_SWIFT_ASSET_SYMBOL_EXTENSIONS = YES;
				CLANG_ANALYZER_NONNULL = YES;
				CLANG_ANALYZER_NUMBER_OBJECT_CONVERSION = YES_AGGRESSIVE;
				CLANG_CXX_LANGUAGE_STANDARD = "gnu++20";
				CLANG_ENABLE_MODULES = YES;
				CLANG_ENABLE_OBJC_ARC = YES;
				CLANG_ENABLE_OBJC_WEAK = YES;
				CLANG_WARN_BLOCK_CAPTURE_AUTORELEASING = YES;
				CLANG_WARN_BOOL_CONVERSION = YES;
				CLANG_WARN_COMMA = YES;
				CLANG_WARN_CONSTANT_CONVERSION = YES;
				CLANG_WARN_DEPRECATED_OBJC_IMPLEMENTATIONS = YES;
				CLANG_WARN_DIRECT_OBJC_ISA_USAGE = YES_ERROR;
				CLANG_WARN_DOCUMENTATION_COMMENTS = YES;
				CLANG_WARN_EMPTY_BODY = YES;
				CLANG_WARN_ENUM_CONVERSION = YES;
				CLANG_WARN_INFINITE_RECURSION = YES;
				CLANG_WARN_INT_CONVERSION = YES;
				CLANG_WARN_NON_LITERAL_NULL_CONVERSION = YES;
				CLANG_WARN_OBJC_IMPLICIT_RETAIN_SELF = YES;
				CLANG_WARN_OBJC_LITERAL_CONVERSION = YES;
				CLANG_WARN_OBJC_ROOT_CLASS = YES_ERROR;
				CLANG_WARN_QUOTED_INCLUDE_IN_FRAMEWORK_HEADER = YES;
				CLANG_WARN_RANGE_LOOP_ANALYSIS = YES;
				CLANG_WARN_STRICT_PROTOTYPES = YES;
				CLANG_WARN_SUSPICIOUS_MOVE = YES;
				CLANG_WARN_UNGUARDED_AVAILABILITY = YES_AGGRESSIVE;
				CLANG_WARN_UNREACHABLE_CODE = YES;
				CLANG_WARN__DUPLICATE_METHOD_MATCH = YES;
				COPY_PHASE_STRIP = NO;
				DEBUG_INFORMATION_FORMAT = "dwarf-with-dsym";
				ENABLE_NS_ASSERTIONS = NO;
				ENABLE_STRICT_OBJC_MSGSEND = YES;
				ENABLE_USER_SCRIPT_SANDBOXING = YES;
				GCC_C_LANGUAGE_STANDARD = gnu17;
				GCC_NO_COMMON_BLOCKS = YES;
				GCC_WARN_64_TO_32_BIT_CONVERSION = YES;
				GCC_WARN_ABOUT_RETURN_TYPE = YES_ERROR;
				GCC_WARN_UNDECLARED_SELECTOR = YES;
				GCC_WARN_UNINITIALIZED_AUTOS = YES_AGGRESSIVE;
				GCC_WARN_UNUSED_FUNCTION = YES;
				GCC_WARN_UNUSED_VARIABLE = YES;
				IPHONEOS_DEPLOYMENT_TARGET = 18.5;
				LOCALIZATION_PREFERS_STRING_CATALOGS = YES;
				MTL_ENABLE_DEBUG_INFO = NO;
				MTL_FAST_MATH = YES;
				SDKROOT = iphoneos;
				SWIFT_COMPILATION_MODE = wholemodule;
				VALIDATE_PRODUCT = YES;
			};
			name = Release;
		};
		2A6A158B2E43959700C57208 /* Debug */ = {
			isa = XCBuildConfiguration;
			buildSettings = {
				ASSETCATALOG_COMPILER_APPICON_NAME = AppIcon;
				ASSETCATALOG_COMPILER_GLOBAL_ACCENT_COLOR_NAME = AccentColor;
				CODE_SIGN_STYLE = Automatic;
				CURRENT_PROJECT_VERSION = 1;
				ENABLE_PREVIEWS = YES;
				GENERATE_INFOPLIST_FILE = YES;
				INFOPLIST_KEY_UIApplicationSceneManifest_Generation = YES;
				INFOPLIST_KEY_UIApplicationSupportsIndirectInputEvents = YES;
				INFOPLIST_KEY_UILaunchScreen_Generation = YES;
				INFOPLIST_KEY_UISupportedInterfaceOrientations_iPad = "UIInterfaceOrientationPortrait UIInterfaceOrientationPortraitUpsideDown UIInterfaceOrientationLandscapeLeft UIInterfaceOrientationLandscapeRight";
				INFOPLIST_KEY_UISupportedInterfaceOrientations_iPhone = "UIInterfaceOrientationPortrait UIInterfaceOrientationLandscapeLeft UIInterfaceOrientationLandscapeRight";
				LD_RUNPATH_SEARCH_PATHS = (
					"$(inherited)",
					"@executable_path/Frameworks",
				);
				MARKETING_VERSION = 1.0;
				PRODUCT_BUNDLE_IDENTIFIER = "uala.SmartCityExploration-glevy";
				PRODUCT_NAME = "$(TARGET_NAME)";
				SWIFT_EMIT_LOC_STRINGS = YES;
				SWIFT_VERSION = 5.0;
				TARGETED_DEVICE_FAMILY = "1,2";
			};
			name = Debug;
		};
		2A6A158C2E43959700C57208 /* Release */ = {
			isa = XCBuildConfiguration;
			buildSettings = {
				ASSETCATALOG_COMPILER_APPICON_NAME = AppIcon;
				ASSETCATALOG_COMPILER_GLOBAL_ACCENT_COLOR_NAME = AccentColor;
				CODE_SIGN_STYLE = Automatic;
				CURRENT_PROJECT_VERSION = 1;
				ENABLE_PREVIEWS = YES;
				GENERATE_INFOPLIST_FILE = YES;
				INFOPLIST_KEY_UIApplicationSceneManifest_Generation = YES;
				INFOPLIST_KEY_UIApplicationSupportsIndirectInputEvents = YES;
				INFOPLIST_KEY_UILaunchScreen_Generation = YES;
				INFOPLIST_KEY_UISupportedInterfaceOrientations_iPad = "UIInterfaceOrientationPortrait UIInterfaceOrientationPortraitUpsideDown UIInterfaceOrientationLandscapeLeft UIInterfaceOrientationLandscapeRight";
				INFOPLIST_KEY_UISupportedInterfaceOrientations_iPhone = "UIInterfaceOrientationPortrait UIInterfaceOrientationLandscapeLeft UIInterfaceOrientationLandscapeRight";
				LD_RUNPATH_SEARCH_PATHS = (
					"$(inherited)",
					"@executable_path/Frameworks",
				);
				MARKETING_VERSION = 1.0;
				PRODUCT_BUNDLE_IDENTIFIER = "uala.SmartCityExploration-glevy";
				PRODUCT_NAME = "$(TARGET_NAME)";
				SWIFT_EMIT_LOC_STRINGS = YES;
				SWIFT_VERSION = 5.0;
				TARGETED_DEVICE_FAMILY = "1,2";
			};
			name = Release;
		};
		2A6A158E2E43959700C57208 /* Debug */ = {
			isa = XCBuildConfiguration;
			buildSettings = {
				BUNDLE_LOADER = "$(TEST_HOST)";
				CODE_SIGN_STYLE = Automatic;
				CURRENT_PROJECT_VERSION = 1;
				GENERATE_INFOPLIST_FILE = YES;
				IPHONEOS_DEPLOYMENT_TARGET = 18.5;
				MARKETING_VERSION = 1.0;
				PRODUCT_BUNDLE_IDENTIFIER = "uala.SmartCityExploration-glevyTests";
				PRODUCT_NAME = "$(TARGET_NAME)";
				SWIFT_EMIT_LOC_STRINGS = NO;
				SWIFT_VERSION = 5.0;
				TARGETED_DEVICE_FAMILY = "1,2";
				TEST_HOST = "$(BUILT_PRODUCTS_DIR)/SmartCityExploration-glevy.app/$(BUNDLE_EXECUTABLE_FOLDER_PATH)/SmartCityExploration-glevy";
			};
			name = Debug;
		};
		2A6A158F2E43959700C57208 /* Release */ = {
			isa = XCBuildConfiguration;
			buildSettings = {
				BUNDLE_LOADER = "$(TEST_HOST)";
				CODE_SIGN_STYLE = Automatic;
				CURRENT_PROJECT_VERSION = 1;
				GENERATE_INFOPLIST_FILE = YES;
				IPHONEOS_DEPLOYMENT_TARGET = 18.5;
				MARKETING_VERSION = 1.0;
				PRODUCT_BUNDLE_IDENTIFIER = "uala.SmartCityExploration-glevyTests";
				PRODUCT_NAME = "$(TARGET_NAME)";
				SWIFT_EMIT_LOC_STRINGS = NO;
				SWIFT_VERSION = 5.0;
				TARGETED_DEVICE_FAMILY = "1,2";
				TEST_HOST = "$(BUILT_PRODUCTS_DIR)/SmartCityExploration-glevy.app/$(BUNDLE_EXECUTABLE_FOLDER_PATH)/SmartCityExploration-glevy";
			};
			name = Release;
		};
		2A6A15912E43959700C57208 /* Debug */ = {
			isa = XCBuildConfiguration;
			buildSettings = {
				CODE_SIGN_STYLE = Automatic;
				CURRENT_PROJECT_VERSION = 1;
				GENERATE_INFOPLIST_FILE = YES;
				MARKETING_VERSION = 1.0;
				PRODUCT_BUNDLE_IDENTIFIER = "uala.SmartCityExploration-glevyUITests";
				PRODUCT_NAME = "$(TARGET_NAME)";
				SWIFT_EMIT_LOC_STRINGS = NO;
				SWIFT_VERSION = 5.0;
				TARGETED_DEVICE_FAMILY = "1,2";
				TEST_TARGET_NAME = "SmartCityExploration-glevy";
			};
			name = Debug;
		};
		2A6A15922E43959700C57208 /* Release */ = {
			isa = XCBuildConfiguration;
			buildSettings = {
				CODE_SIGN_STYLE = Automatic;
				CURRENT_PROJECT_VERSION = 1;
				GENERATE_INFOPLIST_FILE = YES;
				MARKETING_VERSION = 1.0;
				PRODUCT_BUNDLE_IDENTIFIER = "uala.SmartCityExploration-glevyUITests";
				PRODUCT_NAME = "$(TARGET_NAME)";
				SWIFT_EMIT_LOC_STRINGS = NO;
				SWIFT_VERSION = 5.0;
				TARGETED_DEVICE_FAMILY = "1,2";
				TEST_TARGET_NAME = "SmartCityExploration-glevy";
			};
			name = Release;
		};
/* End XCBuildConfiguration section */

/* Begin XCConfigurationList section */
		2A6A15642E43959100C57208 /* Build configuration list for PBXProject "SmartCityExploration-glevy" */ = {
			isa = XCConfigurationList;
			buildConfigurations = (
				2A6A15882E43959700C57208 /* Debug */,
				2A6A15892E43959700C57208 /* Release */,
			);
			defaultConfigurationIsVisible = 0;
			defaultConfigurationName = Release;
		};
		2A6A158A2E43959700C57208 /* Build configuration list for PBXNativeTarget "SmartCityExploration-glevy" */ = {
			isa = XCConfigurationList;
			buildConfigurations = (
				2A6A158B2E43959700C57208 /* Debug */,
				2A6A158C2E43959700C57208 /* Release */,
			);
			defaultConfigurationIsVisible = 0;
			defaultConfigurationName = Release;
		};
		2A6A158D2E43959700C57208 /* Build configuration list for PBXNativeTarget "SmartCityExploration-glevyTests" */ = {
			isa = XCConfigurationList;
			buildConfigurations = (
				2A6A158E2E43959700C57208 /* Debug */,
				2A6A158F2E43959700C57208 /* Release */,
			);
			defaultConfigurationIsVisible = 0;
			defaultConfigurationName = Release;
		};
		2A6A15902E43959700C57208 /* Build configuration list for PBXNativeTarget "SmartCityExploration-glevyUITests" */ = {
			isa = XCConfigurationList;
			buildConfigurations = (
				2A6A15912E43959700C57208 /* Debug */,
				2A6A15922E43959700C57208 /* Release */,
			);
			defaultConfigurationIsVisible = 0;
			defaultConfigurationName = Release;
		};
/* End XCConfigurationList section */
	};
	rootObject = 2A6A15612E43959100C57208 /* Project object */;
}
